
Microsoft Visual Studio Solution File, Format Version 12.00
# Visual Studio Version 17
VisualStudioVersion = 17.0.31912.275
MinimumVisualStudioVersion = 10.0.40219.1
Project("{FAE04EC0-301F-11D3-BF4B-00C04F79EFBC}") = "DaaS", "DaaS\DaaS.csproj", "{DABB639A-C90B-4FC7-8715-6AAB66671C57}"
EndProject
Project("{FAE04EC0-301F-11D3-BF4B-00C04F79EFBC}") = "DaaSRunner", "DaaSRunner\DaaSRunner.csproj", "{F95417E9-7427-4B71-B6FC-6014FB4BBC85}"
EndProject
Project("{FAE04EC0-301F-11D3-BF4B-00C04F79EFBC}") = "DaaSConsole", "DaaSConsole\DaaSConsole.csproj", "{7EB4AAC5-6531-4ACC-823B-0AC99E218974}"
EndProject
Project("{FAE04EC0-301F-11D3-BF4B-00C04F79EFBC}") = "DiagnosticsExtension", "DiagnosticsExtension\DiagnosticsExtension.csproj", "{571103F3-3318-469C-8BB0-2C7494FC81C1}"
	ProjectSection(ProjectDependencies) = postProject
		{CC2C5116-1C47-407C-9C2E-D8A53C752ED2} = {CC2C5116-1C47-407C-9C2E-D8A53C752ED2}
		{45A1002B-3ADD-4FDE-9A66-372DD8CF6ACF} = {45A1002B-3ADD-4FDE-9A66-372DD8CF6ACF}
		{560A5E3F-9923-4BC0-9003-D90412BC723F} = {560A5E3F-9923-4BC0-9003-D90412BC723F}
		{5565B076-37A9-4A94-BD5F-8A937A00D2BE} = {5565B076-37A9-4A94-BD5F-8A937A00D2BE}
		{B1CE45BE-2B96-44CA-84A4-0B8EF885389D} = {B1CE45BE-2B96-44CA-84A4-0B8EF885389D}
		{906659C0-743D-41F5-97A0-4D7B4354C22A} = {906659C0-743D-41F5-97A0-4D7B4354C22A}
		{7EB4AAC5-6531-4ACC-823B-0AC99E218974} = {7EB4AAC5-6531-4ACC-823B-0AC99E218974}
		{3AE80EC7-69B6-4446-8338-7CF21067C95E} = {3AE80EC7-69B6-4446-8338-7CF21067C95E}
		{F95417E9-7427-4B71-B6FC-6014FB4BBC85} = {F95417E9-7427-4B71-B6FC-6014FB4BBC85}
		{34F601ED-7860-43C5-A15B-AF780F3C4299} = {34F601ED-7860-43C5-A15B-AF780F3C4299}
	EndProjectSection
EndProject
Project("{FAE04EC0-301F-11D3-BF4B-00C04F79EFBC}") = "ClrProfilingCollector", "ClrProfilingCollector\ClrProfilingCollector.csproj", "{CC2C5116-1C47-407C-9C2E-D8A53C752ED2}"
	ProjectSection(ProjectDependencies) = postProject
		{DABB639A-C90B-4FC7-8715-6AAB66671C57} = {DABB639A-C90B-4FC7-8715-6AAB66671C57}
	EndProjectSection
EndProject
Project("{FAE04EC0-301F-11D3-BF4B-00C04F79EFBC}") = "ClrProfilingAnalyzer", "ClrProfilingAnalyzer\ClrProfilingAnalyzer.csproj", "{3AE80EC7-69B6-4446-8338-7CF21067C95E}"
	ProjectSection(ProjectDependencies) = postProject
		{DABB639A-C90B-4FC7-8715-6AAB66671C57} = {DABB639A-C90B-4FC7-8715-6AAB66671C57}
	EndProjectSection
EndProject
Project("{FAE04EC0-301F-11D3-BF4B-00C04F79EFBC}") = "MemoryDumpCollector", "MemoryDumpCollector\MemoryDumpCollector\MemoryDumpCollector.csproj", "{5565B076-37A9-4A94-BD5F-8A937A00D2BE}"
EndProject
Project("{FAE04EC0-301F-11D3-BF4B-00C04F79EFBC}") = "jStackParser", "jStackParser\jStackParser.csproj", "{B1CE45BE-2B96-44CA-84A4-0B8EF885389D}"
	ProjectSection(ProjectDependencies) = postProject
		{DABB639A-C90B-4FC7-8715-6AAB66671C57} = {DABB639A-C90B-4FC7-8715-6AAB66671C57}
	EndProjectSection
EndProject
Project("{FAE04EC0-301F-11D3-BF4B-00C04F79EFBC}") = "StackTracerCore", "StackTracerCore\StackTracerCore.csproj", "{34F601ED-7860-43C5-A15B-AF780F3C4299}"
	ProjectSection(ProjectDependencies) = postProject
		{DABB639A-C90B-4FC7-8715-6AAB66671C57} = {DABB639A-C90B-4FC7-8715-6AAB66671C57}
	EndProjectSection
EndProject
Project("{FAE04EC0-301F-11D3-BF4B-00C04F79EFBC}") = "StackTracer32", "StackTracer32\StackTracer32.csproj", "{560A5E3F-9923-4BC0-9003-D90412BC723F}"
	ProjectSection(ProjectDependencies) = postProject
		{DABB639A-C90B-4FC7-8715-6AAB66671C57} = {DABB639A-C90B-4FC7-8715-6AAB66671C57}
	EndProjectSection
EndProject
Project("{FAE04EC0-301F-11D3-BF4B-00C04F79EFBC}") = "StackTracer64", "StackTracer64\StackTracer64.csproj", "{45A1002B-3ADD-4FDE-9A66-372DD8CF6ACF}"
	ProjectSection(ProjectDependencies) = postProject
		{DABB639A-C90B-4FC7-8715-6AAB66671C57} = {DABB639A-C90B-4FC7-8715-6AAB66671C57}
	EndProjectSection
EndProject
Project("{FAE04EC0-301F-11D3-BF4B-00C04F79EFBC}") = "DiagnosticAnalysisLauncher", "DiagnosticAnalysisLauncher\DiagnosticAnalysisLauncher.csproj", "{906659C0-743D-41F5-97A0-4D7B4354C22A}"
	ProjectSection(ProjectDependencies) = postProject
		{DABB639A-C90B-4FC7-8715-6AAB66671C57} = {DABB639A-C90B-4FC7-8715-6AAB66671C57}
	EndProjectSection
EndProject
Project("{2150E333-8FDC-42A3-9474-1A3956D46DE8}") = "Solution Items", "Solution Items", "{E7F4BBF3-B31F-46F2-AD63-FAFD895FF1D6}"
	ProjectSection(SolutionItems) = preProject
		.editorconfig = .editorconfig
	EndProjectSection
EndProject
Project("{9A19103F-16F7-4668-BE54-9A1E7A4F7556}") = "Daas.Tests", "Daas.Tests\Daas.Tests.csproj", "{1B45806E-34A5-488B-9F2F-E047CB2540F0}"
EndProject
Global
	GlobalSection(SolutionConfigurationPlatforms) = preSolution
		Debug|Any CPU = Debug|Any CPU
		Debug|x64 = Debug|x64
		Release|Any CPU = Release|Any CPU
		Release|x64 = Release|x64
	EndGlobalSection
	GlobalSection(ProjectConfigurationPlatforms) = postSolution
		{DABB639A-C90B-4FC7-8715-6AAB66671C57}.Debug|Any CPU.ActiveCfg = Debug|Any CPU
		{DABB639A-C90B-4FC7-8715-6AAB66671C57}.Debug|Any CPU.Build.0 = Debug|Any CPU
		{DABB639A-C90B-4FC7-8715-6AAB66671C57}.Debug|x64.ActiveCfg = Debug|Any CPU
		{DABB639A-C90B-4FC7-8715-6AAB66671C57}.Debug|x64.Build.0 = Debug|Any CPU
		{DABB639A-C90B-4FC7-8715-6AAB66671C57}.Release|Any CPU.ActiveCfg = Release|Any CPU
		{DABB639A-C90B-4FC7-8715-6AAB66671C57}.Release|Any CPU.Build.0 = Release|Any CPU
		{DABB639A-C90B-4FC7-8715-6AAB66671C57}.Release|x64.ActiveCfg = Release|Any CPU
		{DABB639A-C90B-4FC7-8715-6AAB66671C57}.Release|x64.Build.0 = Release|Any CPU
		{F95417E9-7427-4B71-B6FC-6014FB4BBC85}.Debug|Any CPU.ActiveCfg = Debug|Any CPU
		{F95417E9-7427-4B71-B6FC-6014FB4BBC85}.Debug|Any CPU.Build.0 = Debug|Any CPU
		{F95417E9-7427-4B71-B6FC-6014FB4BBC85}.Debug|x64.ActiveCfg = Debug|x64
		{F95417E9-7427-4B71-B6FC-6014FB4BBC85}.Debug|x64.Build.0 = Debug|x64
		{F95417E9-7427-4B71-B6FC-6014FB4BBC85}.Release|Any CPU.ActiveCfg = Release|Any CPU
		{F95417E9-7427-4B71-B6FC-6014FB4BBC85}.Release|Any CPU.Build.0 = Release|Any CPU
		{F95417E9-7427-4B71-B6FC-6014FB4BBC85}.Release|x64.ActiveCfg = Release|x64
		{F95417E9-7427-4B71-B6FC-6014FB4BBC85}.Release|x64.Build.0 = Release|x64
		{7EB4AAC5-6531-4ACC-823B-0AC99E218974}.Debug|Any CPU.ActiveCfg = Debug|Any CPU
		{7EB4AAC5-6531-4ACC-823B-0AC99E218974}.Debug|Any CPU.Build.0 = Debug|Any CPU
		{7EB4AAC5-6531-4ACC-823B-0AC99E218974}.Debug|x64.ActiveCfg = Debug|Any CPU
		{7EB4AAC5-6531-4ACC-823B-0AC99E218974}.Debug|x64.Build.0 = Debug|Any CPU
		{7EB4AAC5-6531-4ACC-823B-0AC99E218974}.Release|Any CPU.ActiveCfg = Release|Any CPU
		{7EB4AAC5-6531-4ACC-823B-0AC99E218974}.Release|Any CPU.Build.0 = Release|Any CPU
		{7EB4AAC5-6531-4ACC-823B-0AC99E218974}.Release|x64.ActiveCfg = Release|Any CPU
		{7EB4AAC5-6531-4ACC-823B-0AC99E218974}.Release|x64.Build.0 = Release|Any CPU
		{571103F3-3318-469C-8BB0-2C7494FC81C1}.Debug|Any CPU.ActiveCfg = Debug|Any CPU
		{571103F3-3318-469C-8BB0-2C7494FC81C1}.Debug|Any CPU.Build.0 = Debug|Any CPU
		{571103F3-3318-469C-8BB0-2C7494FC81C1}.Debug|x64.ActiveCfg = Debug|Any CPU
		{571103F3-3318-469C-8BB0-2C7494FC81C1}.Debug|x64.Build.0 = Debug|Any CPU
		{571103F3-3318-469C-8BB0-2C7494FC81C1}.Release|Any CPU.ActiveCfg = Release|Any CPU
		{571103F3-3318-469C-8BB0-2C7494FC81C1}.Release|Any CPU.Build.0 = Release|Any CPU
		{571103F3-3318-469C-8BB0-2C7494FC81C1}.Release|x64.ActiveCfg = Release|Any CPU
		{571103F3-3318-469C-8BB0-2C7494FC81C1}.Release|x64.Build.0 = Release|Any CPU
		{CC2C5116-1C47-407C-9C2E-D8A53C752ED2}.Debug|Any CPU.ActiveCfg = Debug|Any CPU
		{CC2C5116-1C47-407C-9C2E-D8A53C752ED2}.Debug|Any CPU.Build.0 = Debug|Any CPU
		{CC2C5116-1C47-407C-9C2E-D8A53C752ED2}.Debug|x64.ActiveCfg = Debug|x64
		{CC2C5116-1C47-407C-9C2E-D8A53C752ED2}.Debug|x64.Build.0 = Debug|x64
		{CC2C5116-1C47-407C-9C2E-D8A53C752ED2}.Release|Any CPU.ActiveCfg = Release|Any CPU
		{CC2C5116-1C47-407C-9C2E-D8A53C752ED2}.Release|Any CPU.Build.0 = Release|Any CPU
		{CC2C5116-1C47-407C-9C2E-D8A53C752ED2}.Release|x64.ActiveCfg = Release|x64
		{CC2C5116-1C47-407C-9C2E-D8A53C752ED2}.Release|x64.Build.0 = Release|x64
		{3AE80EC7-69B6-4446-8338-7CF21067C95E}.Debug|Any CPU.ActiveCfg = Debug|Any CPU
		{3AE80EC7-69B6-4446-8338-7CF21067C95E}.Debug|Any CPU.Build.0 = Debug|Any CPU
		{3AE80EC7-69B6-4446-8338-7CF21067C95E}.Debug|x64.ActiveCfg = Debug|Any CPU
		{3AE80EC7-69B6-4446-8338-7CF21067C95E}.Debug|x64.Build.0 = Debug|Any CPU
		{3AE80EC7-69B6-4446-8338-7CF21067C95E}.Release|Any CPU.ActiveCfg = Release|Any CPU
		{3AE80EC7-69B6-4446-8338-7CF21067C95E}.Release|Any CPU.Build.0 = Release|Any CPU
		{3AE80EC7-69B6-4446-8338-7CF21067C95E}.Release|x64.ActiveCfg = Release|Any CPU
		{3AE80EC7-69B6-4446-8338-7CF21067C95E}.Release|x64.Build.0 = Release|Any CPU
		{5565B076-37A9-4A94-BD5F-8A937A00D2BE}.Debug|Any CPU.ActiveCfg = Debug|Any CPU
		{5565B076-37A9-4A94-BD5F-8A937A00D2BE}.Debug|Any CPU.Build.0 = Debug|Any CPU
		{5565B076-37A9-4A94-BD5F-8A937A00D2BE}.Debug|x64.ActiveCfg = Debug|Any CPU
		{5565B076-37A9-4A94-BD5F-8A937A00D2BE}.Debug|x64.Build.0 = Debug|Any CPU
		{5565B076-37A9-4A94-BD5F-8A937A00D2BE}.Release|Any CPU.ActiveCfg = Release|Any CPU
		{5565B076-37A9-4A94-BD5F-8A937A00D2BE}.Release|Any CPU.Build.0 = Release|Any CPU
		{5565B076-37A9-4A94-BD5F-8A937A00D2BE}.Release|x64.ActiveCfg = Release|Any CPU
		{5565B076-37A9-4A94-BD5F-8A937A00D2BE}.Release|x64.Build.0 = Release|Any CPU
		{B1CE45BE-2B96-44CA-84A4-0B8EF885389D}.Debug|Any CPU.ActiveCfg = Debug|Any CPU
		{B1CE45BE-2B96-44CA-84A4-0B8EF885389D}.Debug|Any CPU.Build.0 = Debug|Any CPU
		{B1CE45BE-2B96-44CA-84A4-0B8EF885389D}.Debug|x64.ActiveCfg = Debug|Any CPU
		{B1CE45BE-2B96-44CA-84A4-0B8EF885389D}.Debug|x64.Build.0 = Debug|Any CPU
		{B1CE45BE-2B96-44CA-84A4-0B8EF885389D}.Release|Any CPU.ActiveCfg = Release|Any CPU
		{B1CE45BE-2B96-44CA-84A4-0B8EF885389D}.Release|Any CPU.Build.0 = Release|Any CPU
		{B1CE45BE-2B96-44CA-84A4-0B8EF885389D}.Release|x64.ActiveCfg = Release|Any CPU
		{B1CE45BE-2B96-44CA-84A4-0B8EF885389D}.Release|x64.Build.0 = Release|Any CPU
		{34F601ED-7860-43C5-A15B-AF780F3C4299}.Debug|Any CPU.ActiveCfg = Debug|Any CPU
		{34F601ED-7860-43C5-A15B-AF780F3C4299}.Debug|Any CPU.Build.0 = Debug|Any CPU
		{34F601ED-7860-43C5-A15B-AF780F3C4299}.Debug|x64.ActiveCfg = Debug|Any CPU
		{34F601ED-7860-43C5-A15B-AF780F3C4299}.Debug|x64.Build.0 = Debug|Any CPU
		{34F601ED-7860-43C5-A15B-AF780F3C4299}.Release|Any CPU.ActiveCfg = Release|Any CPU
		{34F601ED-7860-43C5-A15B-AF780F3C4299}.Release|Any CPU.Build.0 = Release|Any CPU
		{34F601ED-7860-43C5-A15B-AF780F3C4299}.Release|x64.ActiveCfg = Release|Any CPU
		{34F601ED-7860-43C5-A15B-AF780F3C4299}.Release|x64.Build.0 = Release|Any CPU
		{560A5E3F-9923-4BC0-9003-D90412BC723F}.Debug|Any CPU.ActiveCfg = Debug|Any CPU
		{560A5E3F-9923-4BC0-9003-D90412BC723F}.Debug|Any CPU.Build.0 = Debug|Any CPU
		{560A5E3F-9923-4BC0-9003-D90412BC723F}.Debug|x64.ActiveCfg = Debug|x86
		{560A5E3F-9923-4BC0-9003-D90412BC723F}.Debug|x64.Build.0 = Debug|x86
		{560A5E3F-9923-4BC0-9003-D90412BC723F}.Release|Any CPU.ActiveCfg = Release|Any CPU
		{560A5E3F-9923-4BC0-9003-D90412BC723F}.Release|Any CPU.Build.0 = Release|Any CPU
		{560A5E3F-9923-4BC0-9003-D90412BC723F}.Release|x64.ActiveCfg = Release|x86
		{560A5E3F-9923-4BC0-9003-D90412BC723F}.Release|x64.Build.0 = Release|x86
		{45A1002B-3ADD-4FDE-9A66-372DD8CF6ACF}.Debug|Any CPU.ActiveCfg = Debug|Any CPU
		{45A1002B-3ADD-4FDE-9A66-372DD8CF6ACF}.Debug|Any CPU.Build.0 = Debug|Any CPU
		{45A1002B-3ADD-4FDE-9A66-372DD8CF6ACF}.Debug|x64.ActiveCfg = Debug|x64
		{45A1002B-3ADD-4FDE-9A66-372DD8CF6ACF}.Debug|x64.Build.0 = Debug|x64
		{45A1002B-3ADD-4FDE-9A66-372DD8CF6ACF}.Release|Any CPU.ActiveCfg = Release|Any CPU
		{45A1002B-3ADD-4FDE-9A66-372DD8CF6ACF}.Release|Any CPU.Build.0 = Release|Any CPU
		{45A1002B-3ADD-4FDE-9A66-372DD8CF6ACF}.Release|x64.ActiveCfg = Release|x64
		{45A1002B-3ADD-4FDE-9A66-372DD8CF6ACF}.Release|x64.Build.0 = Release|x64
		{906659C0-743D-41F5-97A0-4D7B4354C22A}.Debug|Any CPU.ActiveCfg = Debug|Any CPU
		{906659C0-743D-41F5-97A0-4D7B4354C22A}.Debug|Any CPU.Build.0 = Debug|Any CPU
		{906659C0-743D-41F5-97A0-4D7B4354C22A}.Debug|x64.ActiveCfg = Debug|Any CPU
		{906659C0-743D-41F5-97A0-4D7B4354C22A}.Debug|x64.Build.0 = Debug|Any CPU
		{906659C0-743D-41F5-97A0-4D7B4354C22A}.Release|Any CPU.ActiveCfg = Release|Any CPU
		{906659C0-743D-41F5-97A0-4D7B4354C22A}.Release|Any CPU.Build.0 = Release|Any CPU
		{906659C0-743D-41F5-97A0-4D7B4354C22A}.Release|x64.ActiveCfg = Release|Any CPU
		{906659C0-743D-41F5-97A0-4D7B4354C22A}.Release|x64.Build.0 = Release|Any CPU
		{1B45806E-34A5-488B-9F2F-E047CB2540F0}.Debug|Any CPU.ActiveCfg = Debug|Any CPU
		{1B45806E-34A5-488B-9F2F-E047CB2540F0}.Debug|Any CPU.Build.0 = Debug|Any CPU
		{1B45806E-34A5-488B-9F2F-E047CB2540F0}.Debug|x64.ActiveCfg = Debug|Any CPU
		{1B45806E-34A5-488B-9F2F-E047CB2540F0}.Debug|x64.Build.0 = Debug|Any CPU
		{1B45806E-34A5-488B-9F2F-E047CB2540F0}.Release|Any CPU.ActiveCfg = Release|Any CPU
		{1B45806E-34A5-488B-9F2F-E047CB2540F0}.Release|Any CPU.Build.0 = Release|Any CPU
		{1B45806E-34A5-488B-9F2F-E047CB2540F0}.Release|x64.ActiveCfg = Release|Any CPU
		{1B45806E-34A5-488B-9F2F-E047CB2540F0}.Release|x64.Build.0 = Release|Any CPU
	EndGlobalSection
	GlobalSection(SolutionProperties) = preSolution
		HideSolutionNode = FALSE
	EndGlobalSection
	GlobalSection(ExtensibilityGlobals) = postSolution
		SolutionGuid = {C85F98C0-F5E2-4102-A8A5-1FAD8FDD278B}
	EndGlobalSection
EndGlobal
